
Microsoft Visual Studio Solution File, Format Version 12.00
# Visual Studio Version 16
VisualStudioVersion = 16.0.29920.165
MinimumVisualStudioVersion = 10.0.40219.1
Project("{FAE04EC0-301F-11D3-BF4B-00C04F79EFBC}") = "EscolaWeb", "EscolaWeb\EscolaWeb.csproj", "{B7D37E0E-A6A4-4C52-8E61-EC5EE55ABDE4}"
EndProject
Global
	GlobalSection(SolutionConfigurationPlatforms) = preSolution
		Debug|Any CPU = Debug|Any CPU
		Release|Any CPU = Release|Any CPU
	EndGlobalSection
	GlobalSection(ProjectConfigurationPlatforms) = postSolution
		{B7D37E0E-A6A4-4C52-8E61-EC5EE55ABDE4}.Debug|Any CPU.ActiveCfg = Debug|Any CPU
		{B7D37E0E-A6A4-4C52-8E61-EC5EE55ABDE4}.Debug|Any CPU.Build.0 = Debug|Any CPU
		{B7D37E0E-A6A4-4C52-8E61-EC5EE55ABDE4}.Release|Any CPU.ActiveCfg = Release|Any CPU
		{B7D37E0E-A6A4-4C52-8E61-EC5EE55ABDE4}.Release|Any CPU.Build.0 = Release|Any CPU
	EndGlobalSection
	GlobalSection(SolutionProperties) = preSolution
		HideSolutionNode = FALSE
	EndGlobalSection
	GlobalSection(ExtensibilityGlobals) = postSolution
		SolutionGuid = {B27251D0-0465-407E-803E-5F56FE5A2664}
	EndGlobalSection
EndGlobal
